{
  "version": "5",
  "specifiers": {
    "npm:@ohah/hwpjs-wasm32-wasi@0.1.0-rc.10": "0.1.0-rc.10_@emnapi+core@1.11.3_@emnapi+runtime@1.11.3",
    "npm:@rhwp/core@0.8.4": "0.8.4",
    "npm:fflate@0.8.3": "0.8.3",
    "npm:mupdf@1.27.0": "1.27.0",
    "npm:unpdf@1.8.1": "1.8.1"
  },
  "npm": {
    "@emnapi/core@1.11.3": {
      "integrity": "sha512-zLpS5asjEb7lq8jYLq37N6XKaE41DIexlY1rF/z4/tIl3wo13Sqm28fRyfIsKZD+NZ8mM5RoKkpW/rBcuoSZSg==",
      "dependencies": [
        "@emnapi/wasi-threads",
        "tslib"
      ]
    },
    "@emnapi/runtime@1.11.3": {
      "integrity": "sha512-Xz4Tpyki7XyrpbUK1jR1AhdAdaXyhhY4lZ3neLodmhpuWfy2PAQN5B46sAiU4liOXGLkHypn/qU+jvfWSCYYLA==",
      "dependencies": [
        "tslib"
      ]
    },
    "@emnapi/wasi-threads@1.2.3": {
      "integrity": "sha512-ELEBe8PsLvvJ6QMr0zLt8ffvOHW/dc1m3CEzNMg7aJUv3bMaoDtw2TXyDAwkYBuroxxuHEwhRTLJSe5sya547g==",
      "dependencies": [
        "tslib"
      ]
    },
    "@napi-rs/wasm-runtime@1.2.3_@emnapi+core@1.11.3_@emnapi+runtime@1.11.3": {
      "integrity": "sha512-UMduMbqO5s5zF2NkNacMT/yK5Y5QiKvWr2+50bzIIxFDwVJ2h49b+oyjaCGPhJxd2/gC2x39EHv/gHVuu36x2Q==",
      "dependencies": [
        "@emnapi/core",
        "@emnapi/runtime",
        "@tybys/wasm-util"
      ]
    },
    "@ohah/hwpjs-wasm32-wasi@0.1.0-rc.10_@emnapi+core@1.11.3_@emnapi+runtime@1.11.3": {
      "integrity": "sha512-3icQYI6xmEXwYRqsiHitPTK14UvvYJHHF1LzcgT8gXBnbRk5CAAgQC6Z31gqmXbYRCV3LjGdnhZz4bTyFxEfZQ==",
      "dependencies": [
        "@napi-rs/wasm-runtime"
      ],
      "cpu": ["wasm32"]
    },
    "@rhwp/core@0.8.4": {
      "integrity": "sha512-Wr5HwQLzuGHHGfkJTvakRrB+BczyxnrRynwMBxDeoE2AxUU5z9GkqKhK+2Op9IS8Uq0KtA6c89PaCj1OA/QsfA=="
    },
    "@tybys/wasm-util@0.10.3": {
      "integrity": "sha512-F3fo1MYrRJYL3zER0OUOmkutjr1Vp23m7OsSgp7nq4SP6OqX6C/56XFIPAl5bt3zaBRjmW7SGz3u/6LwFpYcOg==",
      "dependencies": [
        "tslib"
      ]
    },
    "fflate@0.8.3": {
      "integrity": "sha512-tbZNuJrLwGUp3zshBtdy4W+ORxZuIh8a5ilyIEQDC5rY1f3U20JMry0Ll3WBzU58EZKsEuJFXhb5gwv8CsPvgA=="
    },
    "mupdf@1.27.0": {
      "integrity": "sha512-vEPUYwZeu5NgiFLz4e20R7Vp2pNY7szirGEvTxHyQQpQs6ab4DeGdonwT6sH1JZG5EhyHSrojZrZn2/0ee6qZQ=="
    },
    "tslib@2.8.1": {
      "integrity": "sha512-oJFu94HQb+KVduSUQL7wnpmqnfmLsOA/nAh6b6EH0wCEoK0/mPeXU6c3wKDV83MkOuHPRHtSXKKU99IBazS/2w=="
    },
    "unpdf@1.8.1": {
      "integrity": "sha512-xkURhy2SoGpOIH0a1gLHNkASPIQYonadDJs2AQwPEfUakafeD9EA1WTWWsaR++gfTCXJpV27W7tU1nXuk82UKQ=="
    }
  },
  "workspace": {
    "dependencies": [
      "jsr:@supabase/functions-js@2",
      "npm:@ohah/hwpjs-wasm32-wasi@0.1.0-rc.10",
      "npm:@rhwp/core@0.8.4",
      "npm:@supabase/server@1",
      "npm:fflate@0.8.3",
      "npm:mupdf@1.27.0",
      "npm:unpdf@1.8.1"
    ]
  }
}
